
Microsoft Visual Studio Solution File, Format Version 12.00
# Visual Studio Version 17
VisualStudioVersion = 17.6.33723.286
MinimumVisualStudioVersion = 10.0.40219.1
Project("{9A19103F-16F7-4668-BE54-9A1E7A4F7556}") = "API", "API\API.csproj", "{7FCB7F7B-A2DA-4604-ACE7-9F0DA8DC59F1}"
EndProject
Project("{FAE04EC0-301F-11D3-BF4B-00C04F79EFBC}") = "Starplex-Fronted", "Starplex-Fronted\Starplex-Fronted.csproj", "{27D5EC90-5995-4082-BBB3-45E400991CBF}"
EndProject
Global
	GlobalSection(SolutionConfigurationPlatforms) = preSolution
		Debug|Any CPU = Debug|Any CPU
		Release|Any CPU = Release|Any CPU
	EndGlobalSection
	GlobalSection(ProjectConfigurationPlatforms) = postSolution
		{7FCB7F7B-A2DA-4604-ACE7-9F0DA8DC59F1}.Debug|Any CPU.ActiveCfg = Debug|Any CPU
		{7FCB7F7B-A2DA-4604-ACE7-9F0DA8DC59F1}.Debug|Any CPU.Build.0 = Debug|Any CPU
		{7FCB7F7B-A2DA-4604-ACE7-9F0DA8DC59F1}.Release|Any CPU.ActiveCfg = Release|Any CPU
		{7FCB7F7B-A2DA-4604-ACE7-9F0DA8DC59F1}.Release|Any CPU.Build.0 = Release|Any CPU
		{27D5EC90-5995-4082-BBB3-45E400991CBF}.Debug|Any CPU.ActiveCfg = Debug|Any CPU
		{27D5EC90-5995-4082-BBB3-45E400991CBF}.Debug|Any CPU.Build.0 = Debug|Any CPU
		{27D5EC90-5995-4082-BBB3-45E400991CBF}.Release|Any CPU.ActiveCfg = Release|Any CPU
		{27D5EC90-5995-4082-BBB3-45E400991CBF}.Release|Any CPU.Build.0 = Release|Any CPU
	EndGlobalSection
	GlobalSection(SolutionProperties) = preSolution
		HideSolutionNode = FALSE
	EndGlobalSection
	GlobalSection(ExtensibilityGlobals) = postSolution
		SolutionGuid = {4154D4FD-AF30-4F9E-8E27-EB7FD95886D0}
	EndGlobalSection
EndGlobal
